
Microsoft Visual Studio Solution File, Format Version 12.00
# Visual Studio Version 16
VisualStudioVersion = 16.0.30413.136
MinimumVisualStudioVersion = 10.0.40219.1
Project("{FAE04EC0-301F-11D3-BF4B-00C04F79EFBC}") = "BlogAPI", "BlogAPI\BlogAPI.csproj", "{928800EA-92F9-4147-8398-D2B03C861BAE}"
EndProject
Project("{FAE04EC0-301F-11D3-BF4B-00C04F79EFBC}") = "Entities", "Entities\Entities.csproj", "{736FAF13-E185-4D71-9678-D725D53E2A59}"
EndProject
Project("{FAE04EC0-301F-11D3-BF4B-00C04F79EFBC}") = "Core", "Core\Core.csproj", "{E27FCBCA-6805-4A2B-9805-A8D86C4870F4}"
EndProject
Project("{FAE04EC0-301F-11D3-BF4B-00C04F79EFBC}") = "Business", "Business\Business.csproj", "{4AED9C7F-E41B-461E-A09A-F063AF98B10C}"
EndProject
Project("{FAE04EC0-301F-11D3-BF4B-00C04F79EFBC}") = "DataAccess", "DataAccess\DataAccess.csproj", "{66DC8316-AE95-47CB-A229-5877CDB297D0}"
EndProject
Global
	GlobalSection(SolutionConfigurationPlatforms) = preSolution
		Debug|Any CPU = Debug|Any CPU
		Release|Any CPU = Release|Any CPU
	EndGlobalSection
	GlobalSection(ProjectConfigurationPlatforms) = postSolution
		{928800EA-92F9-4147-8398-D2B03C861BAE}.Debug|Any CPU.ActiveCfg = Debug|Any CPU
		{928800EA-92F9-4147-8398-D2B03C861BAE}.Debug|Any CPU.Build.0 = Debug|Any CPU
		{928800EA-92F9-4147-8398-D2B03C861BAE}.Release|Any CPU.ActiveCfg = Release|Any CPU
		{928800EA-92F9-4147-8398-D2B03C861BAE}.Release|Any CPU.Build.0 = Release|Any CPU
		{736FAF13-E185-4D71-9678-D725D53E2A59}.Debug|Any CPU.ActiveCfg = Debug|Any CPU
		{736FAF13-E185-4D71-9678-D725D53E2A59}.Debug|Any CPU.Build.0 = Debug|Any CPU
		{736FAF13-E185-4D71-9678-D725D53E2A59}.Release|Any CPU.ActiveCfg = Release|Any CPU
		{736FAF13-E185-4D71-9678-D725D53E2A59}.Release|Any CPU.Build.0 = Release|Any CPU
		{E27FCBCA-6805-4A2B-9805-A8D86C4870F4}.Debug|Any CPU.ActiveCfg = Debug|Any CPU
		{E27FCBCA-6805-4A2B-9805-A8D86C4870F4}.Debug|Any CPU.Build.0 = Debug|Any CPU
		{E27FCBCA-6805-4A2B-9805-A8D86C4870F4}.Release|Any CPU.ActiveCfg = Release|Any CPU
		{E27FCBCA-6805-4A2B-9805-A8D86C4870F4}.Release|Any CPU.Build.0 = Release|Any CPU
		{4AED9C7F-E41B-461E-A09A-F063AF98B10C}.Debug|Any CPU.ActiveCfg = Debug|Any CPU
		{4AED9C7F-E41B-461E-A09A-F063AF98B10C}.Debug|Any CPU.Build.0 = Debug|Any CPU
		{4AED9C7F-E41B-461E-A09A-F063AF98B10C}.Release|Any CPU.ActiveCfg = Release|Any CPU
		{4AED9C7F-E41B-461E-A09A-F063AF98B10C}.Release|Any CPU.Build.0 = Release|Any CPU
		{66DC8316-AE95-47CB-A229-5877CDB297D0}.Debug|Any CPU.ActiveCfg = Debug|Any CPU
		{66DC8316-AE95-47CB-A229-5877CDB297D0}.Debug|Any CPU.Build.0 = Debug|Any CPU
		{66DC8316-AE95-47CB-A229-5877CDB297D0}.Release|Any CPU.ActiveCfg = Release|Any CPU
		{66DC8316-AE95-47CB-A229-5877CDB297D0}.Release|Any CPU.Build.0 = Release|Any CPU
	EndGlobalSection
	GlobalSection(SolutionProperties) = preSolution
		HideSolutionNode = FALSE
	EndGlobalSection
	GlobalSection(ExtensibilityGlobals) = postSolution
		SolutionGuid = {C4BF29C7-C602-498A-B092-A5ED5BBF5F7B}
	EndGlobalSection
EndGlobal
